// !$*UTF8*$!
{
	archiveVersion = 1;
	classes = {
	};
	objectVersion = 56;
	objects = {

/* Begin PBXBuildFile section */
		C03C1872BDB81130B257B7B1 /* src/Asm.cpp in Sources */ = {isa = PBXBuildFile; fileRef = F8ACE90D23DDE461485377D8 /* src/Asm.cpp */; };
		A789BD87C14E5D70B8A9132A /* src/C6xCpu.cpp in Sources */ = {isa = PBXBuildFile; fileRef = 0C7A858A86A100986EF5E58B /* src/C6xCpu.cpp */; };
		DA1582BBF9411B0F3BC90494 /* src/C6xDecode.cpp in Sources */ = {isa = PBXBuildFile; fileRef = 4642F2EA440545F2F95950D6 /* src/C6xDecode.cpp */; };
		A0898A4FBB5F393E62671E4A /* src/C6xDis.cpp in Sources */ = {isa = PBXBuildFile; fileRef = 8981926DC6415C6EF81D39DB /* src/C6xDis.cpp */; };
		2E2C88EBC812EE1BBA63B926 /* src/C6xExec.cpp in Sources */ = {isa = PBXBuildFile; fileRef = AAC58B3081807EBB7E835D60 /* src/C6xExec.cpp */; };
		3E50B18EBFD81EC81E42C9D4 /* src/C6xHost.cpp in Sources */ = {isa = PBXBuildFile; fileRef = 84B54F8F0FCE3B933F776ADE /* src/C6xHost.cpp */; };
		E9BB1133D06AF910423EDADA /* src/C6xImage.cpp in Sources */ = {isa = PBXBuildFile; fileRef = B32F72251C2ED0FDAFD10762 /* src/C6xImage.cpp */; };
		3DC8DD1E15389174414D8EEA /* src/C6xIsa.cpp in Sources */ = {isa = PBXBuildFile; fileRef = 1B60C765BDE8E764FDD1FD18 /* src/C6xIsa.cpp */; };
		140DF685538C647C46F55C2F /* src/C6xLoop.cpp in Sources */ = {isa = PBXBuildFile; fileRef = F8FCB28BFBCB42F0B43ED87B /* src/C6xLoop.cpp */; };
		B215869E5DAD487585B2CF5E /* src/C6xMem.cpp in Sources */ = {isa = PBXBuildFile; fileRef = 1ED8DC9DAF9DEE003F8A9254 /* src/C6xMem.cpp */; };
		F69398063E3B3FB0137CA145 /* src/Cpu.cpp in Sources */ = {isa = PBXBuildFile; fileRef = 2BD303AA2B101D2AD2808595 /* src/Cpu.cpp */; };
		87ACE02FF263673901F8A7A2 /* src/Isa.cpp in Sources */ = {isa = PBXBuildFile; fileRef = 652703C74A59F0F0AFBD81C4 /* src/Isa.cpp */; };
		06D7654D1D740815BFA2D29A /* src/Runtime.cpp in Sources */ = {isa = PBXBuildFile; fileRef = 4B178357C166FFF1E18231D6 /* src/Runtime.cpp */; };
		F0836069F8FDA08BD27B0F18 /* src/main.cpp in Sources */ = {isa = PBXBuildFile; fileRef = A58C20B63AA5DB1D3FBBBD3D /* src/main.cpp */; };
/* End PBXBuildFile section */

/* Begin PBXFileReference section */
		F8ACE90D23DDE461485377D8 /* src/Asm.cpp */ = {isa = PBXFileReference; lastKnownFileType = sourcecode.cpp.cpp; path = src/Asm.cpp; sourceTree = "<group>"; };
		0C7A858A86A100986EF5E58B /* src/C6xCpu.cpp */ = {isa = PBXFileReference; lastKnownFileType = sourcecode.cpp.cpp; path = src/C6xCpu.cpp; sourceTree = "<group>"; };
		4642F2EA440545F2F95950D6 /* src/C6xDecode.cpp */ = {isa = PBXFileReference; lastKnownFileType = sourcecode.cpp.cpp; path = src/C6xDecode.cpp; sourceTree = "<group>"; };
		8981926DC6415C6EF81D39DB /* src/C6xDis.cpp */ = {isa = PBXFileReference; lastKnownFileType = sourcecode.cpp.cpp; path = src/C6xDis.cpp; sourceTree = "<group>"; };
		AAC58B3081807EBB7E835D60 /* src/C6xExec.cpp */ = {isa = PBXFileReference; lastKnownFileType = sourcecode.cpp.cpp; path = src/C6xExec.cpp; sourceTree = "<group>"; };
		84B54F8F0FCE3B933F776ADE /* src/C6xHost.cpp */ = {isa = PBXFileReference; lastKnownFileType = sourcecode.cpp.cpp; path = src/C6xHost.cpp; sourceTree = "<group>"; };
		B32F72251C2ED0FDAFD10762 /* src/C6xImage.cpp */ = {isa = PBXFileReference; lastKnownFileType = sourcecode.cpp.cpp; path = src/C6xImage.cpp; sourceTree = "<group>"; };
		1B60C765BDE8E764FDD1FD18 /* src/C6xIsa.cpp */ = {isa = PBXFileReference; lastKnownFileType = sourcecode.cpp.cpp; path = src/C6xIsa.cpp; sourceTree = "<group>"; };
		F8FCB28BFBCB42F0B43ED87B /* src/C6xLoop.cpp */ = {isa = PBXFileReference; lastKnownFileType = sourcecode.cpp.cpp; path = src/C6xLoop.cpp; sourceTree = "<group>"; };
		1ED8DC9DAF9DEE003F8A9254 /* src/C6xMem.cpp */ = {isa = PBXFileReference; lastKnownFileType = sourcecode.cpp.cpp; path = src/C6xMem.cpp; sourceTree = "<group>"; };
		2BD303AA2B101D2AD2808595 /* src/Cpu.cpp */ = {isa = PBXFileReference; lastKnownFileType = sourcecode.cpp.cpp; path = src/Cpu.cpp; sourceTree = "<group>"; };
		652703C74A59F0F0AFBD81C4 /* src/Isa.cpp */ = {isa = PBXFileReference; lastKnownFileType = sourcecode.cpp.cpp; path = src/Isa.cpp; sourceTree = "<group>"; };
		4B178357C166FFF1E18231D6 /* src/Runtime.cpp */ = {isa = PBXFileReference; lastKnownFileType = sourcecode.cpp.cpp; path = src/Runtime.cpp; sourceTree = "<group>"; };
		A58C20B63AA5DB1D3FBBBD3D /* src/main.cpp */ = {isa = PBXFileReference; lastKnownFileType = sourcecode.cpp.cpp; path = src/main.cpp; sourceTree = "<group>"; };
		318BC9B170295AAA1220AF71 /* src/Asm.h */ = {isa = PBXFileReference; lastKnownFileType = sourcecode.c.h; path = src/Asm.h; sourceTree = "<group>"; };
		CFED80A1951F6C0DEC4C5756 /* src/C6xCpu.h */ = {isa = PBXFileReference; lastKnownFileType = sourcecode.c.h; path = src/C6xCpu.h; sourceTree = "<group>"; };
		CF68C1328BC3E051CD27CD9A /* src/C6xDecode.h */ = {isa = PBXFileReference; lastKnownFileType = sourcecode.c.h; path = src/C6xDecode.h; sourceTree = "<group>"; };
		96AF585985A1FA37F326BC56 /* src/C6xDis.h */ = {isa = PBXFileReference; lastKnownFileType = sourcecode.c.h; path = src/C6xDis.h; sourceTree = "<group>"; };
		5441615FE89AF40FE2EC1256 /* src/C6xHost.h */ = {isa = PBXFileReference; lastKnownFileType = sourcecode.c.h; path = src/C6xHost.h; sourceTree = "<group>"; };
		3B94A063D53E2C153A18793B /* src/C6xImage.h */ = {isa = PBXFileReference; lastKnownFileType = sourcecode.c.h; path = src/C6xImage.h; sourceTree = "<group>"; };
		89A7E37A4F766A927215D970 /* src/C6xIsa.h */ = {isa = PBXFileReference; lastKnownFileType = sourcecode.c.h; path = src/C6xIsa.h; sourceTree = "<group>"; };
		E94657D01B0E84E01DD60852 /* src/C6xMem.h */ = {isa = PBXFileReference; lastKnownFileType = sourcecode.c.h; path = src/C6xMem.h; sourceTree = "<group>"; };
		91144CF3D0E5985227326733 /* src/Cpu.h */ = {isa = PBXFileReference; lastKnownFileType = sourcecode.c.h; path = src/Cpu.h; sourceTree = "<group>"; };
		C12A2821733BD43F315FE82A /* src/Isa.h */ = {isa = PBXFileReference; lastKnownFileType = sourcecode.c.h; path = src/Isa.h; sourceTree = "<group>"; };
		18BF32A88DD963E3BC2BF792 /* src/Program.h */ = {isa = PBXFileReference; lastKnownFileType = sourcecode.c.h; path = src/Program.h; sourceTree = "<group>"; };
		F302D82DAEAF140D47E6C1D9 /* src/Runtime.h */ = {isa = PBXFileReference; lastKnownFileType = sourcecode.c.h; path = src/Runtime.h; sourceTree = "<group>"; };
		A6D16C1F5B156175C01B1B5A /* sim6747.exe */ = {isa = PBXFileReference; explicitFileType = "compiled.mach-o.executable"; includeInIndex = 0; path = sim6747.exe; sourceTree = BUILT_PRODUCTS_DIR; };
/* End PBXFileReference section */

/* Begin PBXFrameworksBuildPhase section */
		971178FDEDC7B31962AC661F /* Frameworks */ = {
			isa = PBXFrameworksBuildPhase;
			buildActionMask = 2147483647;
			files = (
			);
			runOnlyForDeploymentPostprocessing = 0;
		};
/* End PBXFrameworksBuildPhase section */

/* Begin PBXGroup section */
		D5C1DD2264497D7FFC19499A = {
			isa = PBXGroup;
			children = (
				D911C357F41A27C67688A242 /* Sources */,
				ACD5DA66D1BA6D34C9E0F52B /* Products */,
			);
			sourceTree = "<group>";
		};
		D911C357F41A27C67688A242 /* Sources */ = {
			isa = PBXGroup;
			children = (
				F8ACE90D23DDE461485377D8 /* src/Asm.cpp */,
				0C7A858A86A100986EF5E58B /* src/C6xCpu.cpp */,
				4642F2EA440545F2F95950D6 /* src/C6xDecode.cpp */,
				8981926DC6415C6EF81D39DB /* src/C6xDis.cpp */,
				AAC58B3081807EBB7E835D60 /* src/C6xExec.cpp */,
				84B54F8F0FCE3B933F776ADE /* src/C6xHost.cpp */,
				B32F72251C2ED0FDAFD10762 /* src/C6xImage.cpp */,
				1B60C765BDE8E764FDD1FD18 /* src/C6xIsa.cpp */,
				F8FCB28BFBCB42F0B43ED87B /* src/C6xLoop.cpp */,
				1ED8DC9DAF9DEE003F8A9254 /* src/C6xMem.cpp */,
				2BD303AA2B101D2AD2808595 /* src/Cpu.cpp */,
				652703C74A59F0F0AFBD81C4 /* src/Isa.cpp */,
				4B178357C166FFF1E18231D6 /* src/Runtime.cpp */,
				A58C20B63AA5DB1D3FBBBD3D /* src/main.cpp */,
				318BC9B170295AAA1220AF71 /* src/Asm.h */,
				CFED80A1951F6C0DEC4C5756 /* src/C6xCpu.h */,
				CF68C1328BC3E051CD27CD9A /* src/C6xDecode.h */,
				96AF585985A1FA37F326BC56 /* src/C6xDis.h */,
				5441615FE89AF40FE2EC1256 /* src/C6xHost.h */,
				3B94A063D53E2C153A18793B /* src/C6xImage.h */,
				89A7E37A4F766A927215D970 /* src/C6xIsa.h */,
				E94657D01B0E84E01DD60852 /* src/C6xMem.h */,
				91144CF3D0E5985227326733 /* src/Cpu.h */,
				C12A2821733BD43F315FE82A /* src/Isa.h */,
				18BF32A88DD963E3BC2BF792 /* src/Program.h */,
				F302D82DAEAF140D47E6C1D9 /* src/Runtime.h */,
			);
			name = Sources;
			sourceTree = "<group>";
		};
		ACD5DA66D1BA6D34C9E0F52B /* Products */ = {
			isa = PBXGroup;
			children = (
				A6D16C1F5B156175C01B1B5A /* sim6747.exe */,
			);
			name = Products;
			sourceTree = "<group>";
		};
/* End PBXGroup section */

/* Begin PBXNativeTarget section */
		2564CB7A74E42A161DBF03ED /* sim6747.exe */ = {
			isa = PBXNativeTarget;
			buildConfigurationList = DC50E7C2D0FB9D5E09452A0B;
			buildPhases = (
				26D9D9475386A1F249626596 /* Sources */,
				971178FDEDC7B31962AC661F /* Frameworks */,
				6D54444E0B02537F726D3E74 /* put the finished program in RIDE's directory */,
			);
			buildRules = (
			);
			dependencies = (
			);
			name = sim6747.exe;
			productName = sim6747.exe;
			productReference = A6D16C1F5B156175C01B1B5A /* sim6747.exe */;
			productType = "com.apple.product-type.tool";
		};
/* End PBXNativeTarget section */

/* Begin PBXProject section */
		9CA84A7FBD2304120485A273 /* Project object */ = {
			isa = PBXProject;
			attributes = {
				BuildIndependentTargetsInParallel = 1;
				LastUpgradeCheck = 1600;
			};
			buildConfigurationList = AD7BF667F40FBA80B0A148F1;
			developmentRegion = en;
			hasScannedForEncodings = 0;
			knownRegions = (
				en,
				Base,
			);
			mainGroup = D5C1DD2264497D7FFC19499A;
			productRefGroup = ACD5DA66D1BA6D34C9E0F52B /* Products */;
			projectDirPath = "";
			projectRoot = "";
			targets = (
				2564CB7A74E42A161DBF03ED /* sim6747.exe */,
			);
		};
/* End PBXProject section */

/* Begin PBXShellScriptBuildPhase section */
		6D54444E0B02537F726D3E74 /* put the finished program in RIDE's directory */ = {
			isa = PBXShellScriptBuildPhase;
			alwaysOutOfDate = 1;
			buildActionMask = 2147483647;
			files = (
			);
			inputPaths = (
			);
			name = "put the finished program in RIDE's directory";
			outputPaths = (
			);
			runOnlyForDeploymentPostprocessing = 0;
			shellPath = /bin/sh;
			shellScript = "set -e\ndest=\"$SRCROOT/../RIDE-4.7\"\nmkdir -p \"$dest\"\ncp -f \"$BUILT_PRODUCTS_DIR/$PRODUCT_NAME\" \"$dest/.$PRODUCT_NAME.new\"\nmv -f \"$dest/.$PRODUCT_NAME.new\" \"$dest/$PRODUCT_NAME\"\ncodesign --force --sign - \"$dest/$PRODUCT_NAME\"\n";
		};
/* End PBXShellScriptBuildPhase section */

/* Begin PBXSourcesBuildPhase section */
		26D9D9475386A1F249626596 /* Sources */ = {
			isa = PBXSourcesBuildPhase;
			buildActionMask = 2147483647;
			files = (
				C03C1872BDB81130B257B7B1 /* src/Asm.cpp in Sources */,
				A789BD87C14E5D70B8A9132A /* src/C6xCpu.cpp in Sources */,
				DA1582BBF9411B0F3BC90494 /* src/C6xDecode.cpp in Sources */,
				A0898A4FBB5F393E62671E4A /* src/C6xDis.cpp in Sources */,
				2E2C88EBC812EE1BBA63B926 /* src/C6xExec.cpp in Sources */,
				3E50B18EBFD81EC81E42C9D4 /* src/C6xHost.cpp in Sources */,
				E9BB1133D06AF910423EDADA /* src/C6xImage.cpp in Sources */,
				3DC8DD1E15389174414D8EEA /* src/C6xIsa.cpp in Sources */,
				140DF685538C647C46F55C2F /* src/C6xLoop.cpp in Sources */,
				B215869E5DAD487585B2CF5E /* src/C6xMem.cpp in Sources */,
				F69398063E3B3FB0137CA145 /* src/Cpu.cpp in Sources */,
				87ACE02FF263673901F8A7A2 /* src/Isa.cpp in Sources */,
				06D7654D1D740815BFA2D29A /* src/Runtime.cpp in Sources */,
				F0836069F8FDA08BD27B0F18 /* src/main.cpp in Sources */,
			);
			runOnlyForDeploymentPostprocessing = 0;
		};
/* End PBXSourcesBuildPhase section */

/* Begin XCBuildConfiguration section */
		49F97AE5A2ADC52668FFEEF5 /* Debug */ = {
			isa = XCBuildConfiguration;
			buildSettings = {
				ALWAYS_SEARCH_USER_PATHS = NO;
				OBJROOT = "$(TMPDIR)/ride-xcode";
				SYMROOT = "$(TMPDIR)/ride-xcode";
				CLANG_CXX_LANGUAGE_STANDARD = "c++14";
				CLANG_ENABLE_OBJC_ARC = YES;
				CLANG_WARN_IMPLICIT_SIGN_CONVERSION = NO;
				CODE_SIGN_STYLE = Automatic;
				GCC_TREAT_WARNINGS_AS_ERRORS = YES;
				GCC_WARN_64_TO_32_BIT_CONVERSION = NO;
				MACOSX_DEPLOYMENT_TARGET = 12.0;
				PRODUCT_NAME = sim6747.exe;
				SDKROOT = macosx;
				USER_HEADER_SEARCH_PATHS = "$(SRCROOT)/src";
				WARNING_CFLAGS = (
					"-Wall",
					"-Wextra",
					"-pedantic",
				);
				DEBUG_INFORMATION_FORMAT = dwarf;
				GCC_OPTIMIZATION_LEVEL = 0;
			};
			name = Debug;
		};
		6103521E20BC8851CD0B09DC /* Release */ = {
			isa = XCBuildConfiguration;
			buildSettings = {
				ALWAYS_SEARCH_USER_PATHS = NO;
				OBJROOT = "$(TMPDIR)/ride-xcode";
				SYMROOT = "$(TMPDIR)/ride-xcode";
				CLANG_CXX_LANGUAGE_STANDARD = "c++14";
				CLANG_ENABLE_OBJC_ARC = YES;
				CLANG_WARN_IMPLICIT_SIGN_CONVERSION = NO;
				CODE_SIGN_STYLE = Automatic;
				GCC_TREAT_WARNINGS_AS_ERRORS = YES;
				GCC_WARN_64_TO_32_BIT_CONVERSION = NO;
				MACOSX_DEPLOYMENT_TARGET = 12.0;
				PRODUCT_NAME = sim6747.exe;
				SDKROOT = macosx;
				USER_HEADER_SEARCH_PATHS = "$(SRCROOT)/src";
				WARNING_CFLAGS = (
					"-Wall",
					"-Wextra",
					"-pedantic",
				);
				DEBUG_INFORMATION_FORMAT = "dwarf-with-dsym";
				GCC_OPTIMIZATION_LEVEL = 2;
			};
			name = Release;
		};
		C03D59B0D55D4D98408E05A1 /* Debug */ = {
			isa = XCBuildConfiguration;
			buildSettings = {
				ALWAYS_SEARCH_USER_PATHS = NO;
				OBJROOT = "$(TMPDIR)/ride-xcode";
				SYMROOT = "$(TMPDIR)/ride-xcode";
				CLANG_CXX_LANGUAGE_STANDARD = "c++14";
				CLANG_ENABLE_OBJC_ARC = YES;
				CLANG_WARN_IMPLICIT_SIGN_CONVERSION = NO;
				CODE_SIGN_STYLE = Automatic;
				GCC_TREAT_WARNINGS_AS_ERRORS = YES;
				GCC_WARN_64_TO_32_BIT_CONVERSION = NO;
				MACOSX_DEPLOYMENT_TARGET = 12.0;
				PRODUCT_NAME = sim6747.exe;
				SDKROOT = macosx;
				USER_HEADER_SEARCH_PATHS = "$(SRCROOT)/src";
				WARNING_CFLAGS = (
					"-Wall",
					"-Wextra",
					"-pedantic",
				);
				DEBUG_INFORMATION_FORMAT = dwarf;
				GCC_OPTIMIZATION_LEVEL = 0;
			};
			name = Debug;
		};
		AFEB11EBE38E3B4942FACA11 /* Release */ = {
			isa = XCBuildConfiguration;
			buildSettings = {
				ALWAYS_SEARCH_USER_PATHS = NO;
				OBJROOT = "$(TMPDIR)/ride-xcode";
				SYMROOT = "$(TMPDIR)/ride-xcode";
				CLANG_CXX_LANGUAGE_STANDARD = "c++14";
				CLANG_ENABLE_OBJC_ARC = YES;
				CLANG_WARN_IMPLICIT_SIGN_CONVERSION = NO;
				CODE_SIGN_STYLE = Automatic;
				GCC_TREAT_WARNINGS_AS_ERRORS = YES;
				GCC_WARN_64_TO_32_BIT_CONVERSION = NO;
				MACOSX_DEPLOYMENT_TARGET = 12.0;
				PRODUCT_NAME = sim6747.exe;
				SDKROOT = macosx;
				USER_HEADER_SEARCH_PATHS = "$(SRCROOT)/src";
				WARNING_CFLAGS = (
					"-Wall",
					"-Wextra",
					"-pedantic",
				);
				DEBUG_INFORMATION_FORMAT = "dwarf-with-dsym";
				GCC_OPTIMIZATION_LEVEL = 2;
			};
			name = Release;
		};
/* End XCBuildConfiguration section */

/* Begin XCConfigurationList section */
		AD7BF667F40FBA80B0A148F1 /* project */ = {
			isa = XCConfigurationList;
			buildConfigurations = (
				49F97AE5A2ADC52668FFEEF5 /* Debug */,
				6103521E20BC8851CD0B09DC /* Release */,
			);
			defaultConfigurationIsVisible = 0;
			defaultConfigurationName = Debug;
		};
		DC50E7C2D0FB9D5E09452A0B /* target */ = {
			isa = XCConfigurationList;
			buildConfigurations = (
				C03D59B0D55D4D98408E05A1 /* Debug */,
				AFEB11EBE38E3B4942FACA11 /* Release */,
			);
			defaultConfigurationIsVisible = 0;
			defaultConfigurationName = Debug;
		};
/* End XCConfigurationList section */
	};
	rootObject = 9CA84A7FBD2304120485A273 /* Project object */;
}
