// !$*UTF8*$!
{
	archiveVersion = 1;
	classes = {
	};
	objectVersion = 56;
	objects = {

/* Begin PBXBuildFile section */
		35FAA1668B2346E8477ED7F7 /* src/Asm.cpp in Sources */ = {isa = PBXBuildFile; fileRef = C7AA275D57BCAF1B3CAED653 /* src/Asm.cpp */; };
		42208F18B3B95E84A376D46A /* src/C6xCpu.cpp in Sources */ = {isa = PBXBuildFile; fileRef = B9BBB8FB67146BB1881D378D /* src/C6xCpu.cpp */; };
		B5CACDCC1643CECAEADA33E0 /* src/C6xDecode.cpp in Sources */ = {isa = PBXBuildFile; fileRef = 445009B7B06DD9CA82F4A2B0 /* src/C6xDecode.cpp */; };
		20BBB5358D8D2363B80C0229 /* src/C6xDis.cpp in Sources */ = {isa = PBXBuildFile; fileRef = 7B5A4E1BDC0B11EE32F18E8E /* src/C6xDis.cpp */; };
		8E973887BAA5FD583E07085E /* src/C6xExec.cpp in Sources */ = {isa = PBXBuildFile; fileRef = B2645732B2D0394FDC72CD68 /* src/C6xExec.cpp */; };
		004DA98C3A0C5DA91A0476A7 /* src/C6xHost.cpp in Sources */ = {isa = PBXBuildFile; fileRef = E817F2C1652BADA557C19884 /* src/C6xHost.cpp */; };
		A97C01505D1B90A423AE525E /* src/C6xImage.cpp in Sources */ = {isa = PBXBuildFile; fileRef = 41F356C239C86EED75BDC66C /* src/C6xImage.cpp */; };
		1DBDBDA8076CDF6DE44EC846 /* src/C6xIsa.cpp in Sources */ = {isa = PBXBuildFile; fileRef = 5EE479EE2E2B107BC9623D4C /* src/C6xIsa.cpp */; };
		7125C0E8480E4A9C4C458315 /* src/C6xLoop.cpp in Sources */ = {isa = PBXBuildFile; fileRef = 985C8DE6282CC3861BCD3F21 /* src/C6xLoop.cpp */; };
		52B1EC9BDC37F68EDBC3F53B /* src/C6xMem.cpp in Sources */ = {isa = PBXBuildFile; fileRef = CE48BA3F6F0DDA1AE5200FDA /* src/C6xMem.cpp */; };
		E44C965D33EADE21DD4355CD /* src/Cpu.cpp in Sources */ = {isa = PBXBuildFile; fileRef = 44F7E44F3E248DEA4FA83C29 /* src/Cpu.cpp */; };
		956BB00EDF03213A14B9976D /* src/Isa.cpp in Sources */ = {isa = PBXBuildFile; fileRef = FA367657AA1002F0B0462DB9 /* src/Isa.cpp */; };
		C93D4B9DD1C557AB4377984D /* src/Runtime.cpp in Sources */ = {isa = PBXBuildFile; fileRef = BD9575FAD0C694E15407BA8B /* src/Runtime.cpp */; };
		67E9F49112040F86836B8D6E /* src/main.cpp in Sources */ = {isa = PBXBuildFile; fileRef = EF6CD6510D92AB6FC52777D1 /* src/main.cpp */; };
/* End PBXBuildFile section */

/* Begin PBXFileReference section */
		C7AA275D57BCAF1B3CAED653 /* src/Asm.cpp */ = {isa = PBXFileReference; lastKnownFileType = sourcecode.cpp.cpp; path = src/Asm.cpp; sourceTree = "<group>"; };
		B9BBB8FB67146BB1881D378D /* src/C6xCpu.cpp */ = {isa = PBXFileReference; lastKnownFileType = sourcecode.cpp.cpp; path = src/C6xCpu.cpp; sourceTree = "<group>"; };
		445009B7B06DD9CA82F4A2B0 /* src/C6xDecode.cpp */ = {isa = PBXFileReference; lastKnownFileType = sourcecode.cpp.cpp; path = src/C6xDecode.cpp; sourceTree = "<group>"; };
		7B5A4E1BDC0B11EE32F18E8E /* src/C6xDis.cpp */ = {isa = PBXFileReference; lastKnownFileType = sourcecode.cpp.cpp; path = src/C6xDis.cpp; sourceTree = "<group>"; };
		B2645732B2D0394FDC72CD68 /* src/C6xExec.cpp */ = {isa = PBXFileReference; lastKnownFileType = sourcecode.cpp.cpp; path = src/C6xExec.cpp; sourceTree = "<group>"; };
		E817F2C1652BADA557C19884 /* src/C6xHost.cpp */ = {isa = PBXFileReference; lastKnownFileType = sourcecode.cpp.cpp; path = src/C6xHost.cpp; sourceTree = "<group>"; };
		41F356C239C86EED75BDC66C /* src/C6xImage.cpp */ = {isa = PBXFileReference; lastKnownFileType = sourcecode.cpp.cpp; path = src/C6xImage.cpp; sourceTree = "<group>"; };
		5EE479EE2E2B107BC9623D4C /* src/C6xIsa.cpp */ = {isa = PBXFileReference; lastKnownFileType = sourcecode.cpp.cpp; path = src/C6xIsa.cpp; sourceTree = "<group>"; };
		985C8DE6282CC3861BCD3F21 /* src/C6xLoop.cpp */ = {isa = PBXFileReference; lastKnownFileType = sourcecode.cpp.cpp; path = src/C6xLoop.cpp; sourceTree = "<group>"; };
		CE48BA3F6F0DDA1AE5200FDA /* src/C6xMem.cpp */ = {isa = PBXFileReference; lastKnownFileType = sourcecode.cpp.cpp; path = src/C6xMem.cpp; sourceTree = "<group>"; };
		44F7E44F3E248DEA4FA83C29 /* src/Cpu.cpp */ = {isa = PBXFileReference; lastKnownFileType = sourcecode.cpp.cpp; path = src/Cpu.cpp; sourceTree = "<group>"; };
		FA367657AA1002F0B0462DB9 /* src/Isa.cpp */ = {isa = PBXFileReference; lastKnownFileType = sourcecode.cpp.cpp; path = src/Isa.cpp; sourceTree = "<group>"; };
		BD9575FAD0C694E15407BA8B /* src/Runtime.cpp */ = {isa = PBXFileReference; lastKnownFileType = sourcecode.cpp.cpp; path = src/Runtime.cpp; sourceTree = "<group>"; };
		EF6CD6510D92AB6FC52777D1 /* src/main.cpp */ = {isa = PBXFileReference; lastKnownFileType = sourcecode.cpp.cpp; path = src/main.cpp; sourceTree = "<group>"; };
		5B25A97B6E976BD4C7984933 /* src/Asm.h */ = {isa = PBXFileReference; lastKnownFileType = sourcecode.c.h; path = src/Asm.h; sourceTree = "<group>"; };
		946074684180C9AD6160E315 /* src/C6xCpu.h */ = {isa = PBXFileReference; lastKnownFileType = sourcecode.c.h; path = src/C6xCpu.h; sourceTree = "<group>"; };
		D992E772B2DFFB4753212242 /* src/C6xDecode.h */ = {isa = PBXFileReference; lastKnownFileType = sourcecode.c.h; path = src/C6xDecode.h; sourceTree = "<group>"; };
		C7735712F36F966B93CC4786 /* src/C6xDis.h */ = {isa = PBXFileReference; lastKnownFileType = sourcecode.c.h; path = src/C6xDis.h; sourceTree = "<group>"; };
		4D5EE4FE6BD54CFBCF1E5D05 /* src/C6xHost.h */ = {isa = PBXFileReference; lastKnownFileType = sourcecode.c.h; path = src/C6xHost.h; sourceTree = "<group>"; };
		4DA997A6F4FD0E1464C6B734 /* src/C6xImage.h */ = {isa = PBXFileReference; lastKnownFileType = sourcecode.c.h; path = src/C6xImage.h; sourceTree = "<group>"; };
		D1BB7CB1A7A3EC4305C62000 /* src/C6xIsa.h */ = {isa = PBXFileReference; lastKnownFileType = sourcecode.c.h; path = src/C6xIsa.h; sourceTree = "<group>"; };
		BB824315803E18C5B96BC5B2 /* src/C6xMem.h */ = {isa = PBXFileReference; lastKnownFileType = sourcecode.c.h; path = src/C6xMem.h; sourceTree = "<group>"; };
		A75AC91B43AE2FB88989FF3C /* src/Cpu.h */ = {isa = PBXFileReference; lastKnownFileType = sourcecode.c.h; path = src/Cpu.h; sourceTree = "<group>"; };
		60917E0DB066F35D4391A8BB /* src/Isa.h */ = {isa = PBXFileReference; lastKnownFileType = sourcecode.c.h; path = src/Isa.h; sourceTree = "<group>"; };
		DEEB2296CF6A8EBA708F18F0 /* src/Program.h */ = {isa = PBXFileReference; lastKnownFileType = sourcecode.c.h; path = src/Program.h; sourceTree = "<group>"; };
		B8D82AE9257C327BAF63A843 /* src/Runtime.h */ = {isa = PBXFileReference; lastKnownFileType = sourcecode.c.h; path = src/Runtime.h; sourceTree = "<group>"; };
		B91267F56D6AA1024A984CAF /* sim6747.exe */ = {isa = PBXFileReference; explicitFileType = "compiled.mach-o.executable"; includeInIndex = 0; path = sim6747.exe; sourceTree = BUILT_PRODUCTS_DIR; };
/* End PBXFileReference section */

/* Begin PBXFrameworksBuildPhase section */
		29376E9BB3E1962E18FBF714 /* Frameworks */ = {
			isa = PBXFrameworksBuildPhase;
			buildActionMask = 2147483647;
			files = (
			);
			runOnlyForDeploymentPostprocessing = 0;
		};
/* End PBXFrameworksBuildPhase section */

/* Begin PBXGroup section */
		F17742E88344F330BF4A54DF = {
			isa = PBXGroup;
			children = (
				E09B54B234756AA0C2A81D3D /* Sources */,
				1DC65B20B5159A846DE31BCF /* Products */,
			);
			sourceTree = "<group>";
		};
		E09B54B234756AA0C2A81D3D /* Sources */ = {
			isa = PBXGroup;
			children = (
				C7AA275D57BCAF1B3CAED653 /* src/Asm.cpp */,
				B9BBB8FB67146BB1881D378D /* src/C6xCpu.cpp */,
				445009B7B06DD9CA82F4A2B0 /* src/C6xDecode.cpp */,
				7B5A4E1BDC0B11EE32F18E8E /* src/C6xDis.cpp */,
				B2645732B2D0394FDC72CD68 /* src/C6xExec.cpp */,
				E817F2C1652BADA557C19884 /* src/C6xHost.cpp */,
				41F356C239C86EED75BDC66C /* src/C6xImage.cpp */,
				5EE479EE2E2B107BC9623D4C /* src/C6xIsa.cpp */,
				985C8DE6282CC3861BCD3F21 /* src/C6xLoop.cpp */,
				CE48BA3F6F0DDA1AE5200FDA /* src/C6xMem.cpp */,
				44F7E44F3E248DEA4FA83C29 /* src/Cpu.cpp */,
				FA367657AA1002F0B0462DB9 /* src/Isa.cpp */,
				BD9575FAD0C694E15407BA8B /* src/Runtime.cpp */,
				EF6CD6510D92AB6FC52777D1 /* src/main.cpp */,
				5B25A97B6E976BD4C7984933 /* src/Asm.h */,
				946074684180C9AD6160E315 /* src/C6xCpu.h */,
				D992E772B2DFFB4753212242 /* src/C6xDecode.h */,
				C7735712F36F966B93CC4786 /* src/C6xDis.h */,
				4D5EE4FE6BD54CFBCF1E5D05 /* src/C6xHost.h */,
				4DA997A6F4FD0E1464C6B734 /* src/C6xImage.h */,
				D1BB7CB1A7A3EC4305C62000 /* src/C6xIsa.h */,
				BB824315803E18C5B96BC5B2 /* src/C6xMem.h */,
				A75AC91B43AE2FB88989FF3C /* src/Cpu.h */,
				60917E0DB066F35D4391A8BB /* src/Isa.h */,
				DEEB2296CF6A8EBA708F18F0 /* src/Program.h */,
				B8D82AE9257C327BAF63A843 /* src/Runtime.h */,
			);
			name = Sources;
			sourceTree = "<group>";
		};
		1DC65B20B5159A846DE31BCF /* Products */ = {
			isa = PBXGroup;
			children = (
				B91267F56D6AA1024A984CAF /* sim6747.exe */,
			);
			name = Products;
			sourceTree = "<group>";
		};
/* End PBXGroup section */

/* Begin PBXNativeTarget section */
		5E960C5054CCAAB1660E0661 /* sim6747.exe */ = {
			isa = PBXNativeTarget;
			buildConfigurationList = A08285AF014EC595BF77CF5D;
			buildPhases = (
				CE5420DDA51C956DC2337244 /* Sources */,
				29376E9BB3E1962E18FBF714 /* Frameworks */,
				0E28ABC484D9DF11EA80C3C2 /* put the finished program in RIDE's directory */,
			);
			buildRules = (
			);
			dependencies = (
			);
			name = sim6747.exe;
			productName = sim6747.exe;
			productReference = B91267F56D6AA1024A984CAF /* sim6747.exe */;
			productType = "com.apple.product-type.tool";
		};
/* End PBXNativeTarget section */

/* Begin PBXProject section */
		A910B14F334B2CCB408CC47F /* Project object */ = {
			isa = PBXProject;
			attributes = {
				BuildIndependentTargetsInParallel = 1;
				LastUpgradeCheck = 1600;
			};
			buildConfigurationList = 1C2100BF79D1F0EC33FABBC5;
			developmentRegion = en;
			hasScannedForEncodings = 0;
			knownRegions = (
				en,
				Base,
			);
			mainGroup = F17742E88344F330BF4A54DF;
			productRefGroup = 1DC65B20B5159A846DE31BCF /* Products */;
			projectDirPath = "";
			projectRoot = "";
			targets = (
				5E960C5054CCAAB1660E0661 /* sim6747.exe */,
			);
		};
/* End PBXProject section */

/* Begin PBXShellScriptBuildPhase section */
		0E28ABC484D9DF11EA80C3C2 /* put the finished program in RIDE's directory */ = {
			isa = PBXShellScriptBuildPhase;
			alwaysOutOfDate = 1;
			buildActionMask = 2147483647;
			files = (
			);
			inputPaths = (
			);
			name = "put the finished program in RIDE's directory";
			outputPaths = (
			);
			runOnlyForDeploymentPostprocessing = 0;
			shellPath = /bin/sh;
			shellScript = "set -e\ndest=\"$SRCROOT/../RIDE-4.7\"\nmkdir -p \"$dest\"\ncp -f \"$BUILT_PRODUCTS_DIR/$PRODUCT_NAME\" \"$dest/.$PRODUCT_NAME.new\"\nmv -f \"$dest/.$PRODUCT_NAME.new\" \"$dest/$PRODUCT_NAME\"\ncodesign --force --sign - \"$dest/$PRODUCT_NAME\"\n";
		};
/* End PBXShellScriptBuildPhase section */

/* Begin PBXSourcesBuildPhase section */
		CE5420DDA51C956DC2337244 /* Sources */ = {
			isa = PBXSourcesBuildPhase;
			buildActionMask = 2147483647;
			files = (
				35FAA1668B2346E8477ED7F7 /* src/Asm.cpp in Sources */,
				42208F18B3B95E84A376D46A /* src/C6xCpu.cpp in Sources */,
				B5CACDCC1643CECAEADA33E0 /* src/C6xDecode.cpp in Sources */,
				20BBB5358D8D2363B80C0229 /* src/C6xDis.cpp in Sources */,
				8E973887BAA5FD583E07085E /* src/C6xExec.cpp in Sources */,
				004DA98C3A0C5DA91A0476A7 /* src/C6xHost.cpp in Sources */,
				A97C01505D1B90A423AE525E /* src/C6xImage.cpp in Sources */,
				1DBDBDA8076CDF6DE44EC846 /* src/C6xIsa.cpp in Sources */,
				7125C0E8480E4A9C4C458315 /* src/C6xLoop.cpp in Sources */,
				52B1EC9BDC37F68EDBC3F53B /* src/C6xMem.cpp in Sources */,
				E44C965D33EADE21DD4355CD /* src/Cpu.cpp in Sources */,
				956BB00EDF03213A14B9976D /* src/Isa.cpp in Sources */,
				C93D4B9DD1C557AB4377984D /* src/Runtime.cpp in Sources */,
				67E9F49112040F86836B8D6E /* src/main.cpp in Sources */,
			);
			runOnlyForDeploymentPostprocessing = 0;
		};
/* End PBXSourcesBuildPhase section */

/* Begin XCBuildConfiguration section */
		76DA8E4F9D44E4845ED620AB /* Debug */ = {
			isa = XCBuildConfiguration;
			buildSettings = {
				ALWAYS_SEARCH_USER_PATHS = NO;
				OBJROOT = "$(TMPDIR)/ride-xcode";
				SYMROOT = "$(TMPDIR)/ride-xcode";
				CLANG_CXX_LANGUAGE_STANDARD = "c++14";
				CLANG_ENABLE_OBJC_ARC = YES;
				CLANG_WARN_IMPLICIT_SIGN_CONVERSION = NO;
				CODE_SIGN_STYLE = Automatic;
				GCC_TREAT_WARNINGS_AS_ERRORS = YES;
				GCC_WARN_64_TO_32_BIT_CONVERSION = NO;
				MACOSX_DEPLOYMENT_TARGET = 12.0;
				PRODUCT_NAME = sim6747.exe;
				SDKROOT = macosx;
				USER_HEADER_SEARCH_PATHS = "$(SRCROOT)/src";
				WARNING_CFLAGS = (
					"-Wall",
					"-Wextra",
					"-pedantic",
				);
				DEBUG_INFORMATION_FORMAT = dwarf;
				GCC_OPTIMIZATION_LEVEL = 0;
			};
			name = Debug;
		};
		68C079E3E00885300AB2B7D3 /* Release */ = {
			isa = XCBuildConfiguration;
			buildSettings = {
				ALWAYS_SEARCH_USER_PATHS = NO;
				OBJROOT = "$(TMPDIR)/ride-xcode";
				SYMROOT = "$(TMPDIR)/ride-xcode";
				CLANG_CXX_LANGUAGE_STANDARD = "c++14";
				CLANG_ENABLE_OBJC_ARC = YES;
				CLANG_WARN_IMPLICIT_SIGN_CONVERSION = NO;
				CODE_SIGN_STYLE = Automatic;
				GCC_TREAT_WARNINGS_AS_ERRORS = YES;
				GCC_WARN_64_TO_32_BIT_CONVERSION = NO;
				MACOSX_DEPLOYMENT_TARGET = 12.0;
				PRODUCT_NAME = sim6747.exe;
				SDKROOT = macosx;
				USER_HEADER_SEARCH_PATHS = "$(SRCROOT)/src";
				WARNING_CFLAGS = (
					"-Wall",
					"-Wextra",
					"-pedantic",
				);
				DEBUG_INFORMATION_FORMAT = "dwarf-with-dsym";
				GCC_OPTIMIZATION_LEVEL = 2;
			};
			name = Release;
		};
		EB996C4F553EAABAB152C9D9 /* Debug */ = {
			isa = XCBuildConfiguration;
			buildSettings = {
				ALWAYS_SEARCH_USER_PATHS = NO;
				OBJROOT = "$(TMPDIR)/ride-xcode";
				SYMROOT = "$(TMPDIR)/ride-xcode";
				CLANG_CXX_LANGUAGE_STANDARD = "c++14";
				CLANG_ENABLE_OBJC_ARC = YES;
				CLANG_WARN_IMPLICIT_SIGN_CONVERSION = NO;
				CODE_SIGN_STYLE = Automatic;
				GCC_TREAT_WARNINGS_AS_ERRORS = YES;
				GCC_WARN_64_TO_32_BIT_CONVERSION = NO;
				MACOSX_DEPLOYMENT_TARGET = 12.0;
				PRODUCT_NAME = sim6747.exe;
				SDKROOT = macosx;
				USER_HEADER_SEARCH_PATHS = "$(SRCROOT)/src";
				WARNING_CFLAGS = (
					"-Wall",
					"-Wextra",
					"-pedantic",
				);
				DEBUG_INFORMATION_FORMAT = dwarf;
				GCC_OPTIMIZATION_LEVEL = 0;
			};
			name = Debug;
		};
		683B73C5CF68B1C838E46220 /* Release */ = {
			isa = XCBuildConfiguration;
			buildSettings = {
				ALWAYS_SEARCH_USER_PATHS = NO;
				OBJROOT = "$(TMPDIR)/ride-xcode";
				SYMROOT = "$(TMPDIR)/ride-xcode";
				CLANG_CXX_LANGUAGE_STANDARD = "c++14";
				CLANG_ENABLE_OBJC_ARC = YES;
				CLANG_WARN_IMPLICIT_SIGN_CONVERSION = NO;
				CODE_SIGN_STYLE = Automatic;
				GCC_TREAT_WARNINGS_AS_ERRORS = YES;
				GCC_WARN_64_TO_32_BIT_CONVERSION = NO;
				MACOSX_DEPLOYMENT_TARGET = 12.0;
				PRODUCT_NAME = sim6747.exe;
				SDKROOT = macosx;
				USER_HEADER_SEARCH_PATHS = "$(SRCROOT)/src";
				WARNING_CFLAGS = (
					"-Wall",
					"-Wextra",
					"-pedantic",
				);
				DEBUG_INFORMATION_FORMAT = "dwarf-with-dsym";
				GCC_OPTIMIZATION_LEVEL = 2;
			};
			name = Release;
		};
/* End XCBuildConfiguration section */

/* Begin XCConfigurationList section */
		1C2100BF79D1F0EC33FABBC5 /* project */ = {
			isa = XCConfigurationList;
			buildConfigurations = (
				76DA8E4F9D44E4845ED620AB /* Debug */,
				68C079E3E00885300AB2B7D3 /* Release */,
			);
			defaultConfigurationIsVisible = 0;
			defaultConfigurationName = Debug;
		};
		A08285AF014EC595BF77CF5D /* target */ = {
			isa = XCConfigurationList;
			buildConfigurations = (
				EB996C4F553EAABAB152C9D9 /* Debug */,
				683B73C5CF68B1C838E46220 /* Release */,
			);
			defaultConfigurationIsVisible = 0;
			defaultConfigurationName = Debug;
		};
/* End XCConfigurationList section */
	};
	rootObject = A910B14F334B2CCB408CC47F /* Project object */;
}
